lockfileVersion: '9.0'

settings:
  autoInstallPeers: true
  excludeLinksFromLockfile: false

importers:

  .:
    dependencies:
      '@ai-sdk/openai':
        specifier: beta
        version: 2.0.0-beta.7(zod@3.25.76)
      ai:
        specifier: beta
        version: 5.0.0-beta.16(zod@3.25.76)
      dotenv:
        specifier: ^16.4.7
        version: 16.6.1

packages:

  '@ai-sdk/gateway@1.0.0-beta.6':
    resolution: {integrity: sha512-zNsJm+kT6kEA5MLDgIhvHijzD8tlBabEwtyy09wVu/KmQ0V6OAPfRHfnSyiiYH/fGNRYmq6OhSOtKhvErmTREw==}
    engines: {node: '>=18'}
    peerDependencies:
      zod: ^3.25.49

  '@ai-sdk/openai@2.0.0-beta.7':
    resolution: {integrity: sha512-sI0l8jzQkqG8dLuRUUpv7JG6qBRG7GSWagcvAMpxbKP1066OdmZIWUV6I8PRHg+5juNzH2DeJDKsz/0l9ztIZA==}
    engines: {node: '>=18'}
    peerDependencies:
      zod: ^3.25.49

  '@ai-sdk/provider-utils@3.0.0-beta.2':
    resolution: {integrity: sha512-H4K+4weOVgWqrDDeAbQWoA4U5mN4WrQPHQFdH7ynQYcnhj/pzctU9Q6mGlR5ESMWxaXxazxlOblSITlXo9bahA==}
    engines: {node: '>=18'}
    peerDependencies:
      zod: ^3.25.49

  '@ai-sdk/provider@2.0.0-beta.1':
    resolution: {integrity: sha512-Z8SPncMtS3RsoXITmT7NVwrAq6M44dmw0DoUOYJqNNtCu8iMWuxB8Nxsoqpa0uEEy9R1V1ZThJAXTYgjTUxl3w==}
    engines: {node: '>=18'}

  '@opentelemetry/api@1.9.0':
    resolution: {integrity: sha512-3giAOQvZiH5F9bMlMiv8+GSPMeqg0dbaeo58/0SlA9sxSqZhnUtxzX9/2FzyhS9sWQf5S0GJE0AKBrFqjpeYcg==}
    engines: {node: '>=8.0.0'}

  '@standard-schema/spec@1.0.0':
    resolution: {integrity: sha512-m2bOd0f2RT9k8QJx1JN85cZYyH1RqFBdlwtkSlf4tBDYLCiiZnv1fIIwacK6cqwXavOydf0NPToMQgpKq+dVlA==}

  ai@5.0.0-beta.16:
    resolution: {integrity: sha512-5MtG0XdTWxafSZUl8+UZm7CyBvNmjmHc8Sgxx/aF8Fk08e07DH6/YTmjOoaZI+u/rViAqOJQvN3GAZeNgUtfnQ==}
    engines: {node: '>=18'}
    peerDependencies:
      zod: ^3.25.49

  dotenv@16.6.1:
    resolution: {integrity: sha512-uBq4egWHTcTt33a72vpSG0z3HnPuIl6NqYcTrKEg2azoEyl2hpW0zqlxysq2pK9HlDIHyHyakeYaYnSAwd8bow==}
    engines: {node: '>=12'}

  eventsource-parser@3.0.3:
    resolution: {integrity: sha512-nVpZkTMM9rF6AQ9gPJpFsNAMt48wIzB5TQgiTLdHiuO8XEDhUgZEhqKlZWXbIzo9VmJ/HvysHqEaVeD5v9TPvA==}
    engines: {node: '>=20.0.0'}

  json-schema@0.4.0:
    resolution: {integrity: sha512-es94M3nTIfsEPisRafak+HDLfHXnKBhV3vU5eqPcS3flIWqcxJWgXHXiey3YrpaNsanY5ei1VoYEbOzijuq9BA==}

  zod-to-json-schema@3.24.6:
    resolution: {integrity: sha512-h/z3PKvcTcTetyjl1fkj79MHNEjm+HpD6NXheWjzOekY7kV+lwDYnHw+ivHkijnCSMz1yJaWBD9vu/Fcmk+vEg==}
    peerDependencies:
      zod: ^3.24.1

  zod@3.25.76:
    resolution: {integrity: sha512-gzUt/qt81nXsFGKIFcC3YnfEAx5NkunCfnDlvuBSSFS02bcXu4Lmea0AFIUwbLWxWPx3d9p8S5QoaujKcNQxcQ==}

snapshots:

  '@ai-sdk/gateway@1.0.0-beta.6(zod@3.25.76)':
    dependencies:
      '@ai-sdk/provider': 2.0.0-beta.1
      '@ai-sdk/provider-utils': 3.0.0-beta.2(zod@3.25.76)
      zod: 3.25.76

  '@ai-sdk/openai@2.0.0-beta.7(zod@3.25.76)':
    dependencies:
      '@ai-sdk/provider': 2.0.0-beta.1
      '@ai-sdk/provider-utils': 3.0.0-beta.2(zod@3.25.76)
      zod: 3.25.76

  '@ai-sdk/provider-utils@3.0.0-beta.2(zod@3.25.76)':
    dependencies:
      '@ai-sdk/provider': 2.0.0-beta.1
      '@standard-schema/spec': 1.0.0
      eventsource-parser: 3.0.3
      zod: 3.25.76
      zod-to-json-schema: 3.24.6(zod@3.25.76)

  '@ai-sdk/provider@2.0.0-beta.1':
    dependencies:
      json-schema: 0.4.0

  '@opentelemetry/api@1.9.0': {}

  '@standard-schema/spec@1.0.0': {}

  ai@5.0.0-beta.16(zod@3.25.76):
    dependencies:
      '@ai-sdk/gateway': 1.0.0-beta.6(zod@3.25.76)
      '@ai-sdk/provider': 2.0.0-beta.1
      '@ai-sdk/provider-utils': 3.0.0-beta.2(zod@3.25.76)
      '@opentelemetry/api': 1.9.0
      zod: 3.25.76

  dotenv@16.6.1: {}

  eventsource-parser@3.0.3: {}

  json-schema@0.4.0: {}

  zod-to-json-schema@3.24.6(zod@3.25.76):
    dependencies:
      zod: 3.25.76

  zod@3.25.76: {}
